
Microsoft Visual Studio Solution File, Format Version 12.00
# Visual Studio 2013
VisualStudioVersion = 12.0.30501.0
MinimumVisualStudioVersion = 10.0.40219.1
Project("{FAE04EC0-301F-11D3-BF4B-00C04F79EFBC}") = "Logger", "Logger\Logger.csproj", "{9AD8354E-B8E3-4D63-B011-AE95216BF175}"
EndProject
Project("{FAE04EC0-301F-11D3-BF4B-00C04F79EFBC}") = "Test", "Test\Test.csproj", "{681199C8-6FF3-4E84-AF7A-C695592EFDE6}"
	ProjectSection(ProjectDependencies) = postProject
		{9AD8354E-B8E3-4D63-B011-AE95216BF175} = {9AD8354E-B8E3-4D63-B011-AE95216BF175}
	EndProjectSection
EndProject
Global
	GlobalSection(SolutionConfigurationPlatforms) = preSolution
		Debug|Any CPU = Debug|Any CPU
		Release|Any CPU = Release|Any CPU
	EndGlobalSection
	GlobalSection(ProjectConfigurationPlatforms) = postSolution
		{9AD8354E-B8E3-4D63-B011-AE95216BF175}.Debug|Any CPU.ActiveCfg = Debug|Any CPU
		{9AD8354E-B8E3-4D63-B011-AE95216BF175}.Debug|Any CPU.Build.0 = Debug|Any CPU
		{9AD8354E-B8E3-4D63-B011-AE95216BF175}.Release|Any CPU.ActiveCfg = Release|Any CPU
		{9AD8354E-B8E3-4D63-B011-AE95216BF175}.Release|Any CPU.Build.0 = Release|Any CPU
		{681199C8-6FF3-4E84-AF7A-C695592EFDE6}.Debug|Any CPU.ActiveCfg = Debug|Any CPU
		{681199C8-6FF3-4E84-AF7A-C695592EFDE6}.Debug|Any CPU.Build.0 = Debug|Any CPU
		{681199C8-6FF3-4E84-AF7A-C695592EFDE6}.Release|Any CPU.ActiveCfg = Release|Any CPU
		{681199C8-6FF3-4E84-AF7A-C695592EFDE6}.Release|Any CPU.Build.0 = Release|Any CPU
	EndGlobalSection
	GlobalSection(SolutionProperties) = preSolution
		HideSolutionNode = FALSE
	EndGlobalSection
EndGlobal
